
Microsoft Visual Studio Solution File, Format Version 12.00
# Visual Studio Version 16
VisualStudioVersion = 16.0.30413.136
MinimumVisualStudioVersion = 10.0.40219.1
Project("{9A19103F-16F7-4668-BE54-9A1E7A4F7556}") = "Elasticsearch.Net.Aws", "Elasticsearch.Net.Aws\Elasticsearch.Net.Aws.csproj", "{2199155E-8066-46D4-BA04-2A06C28DE13C}"
EndProject
Project("{2150E333-8FDC-42A3-9474-1A3956D46DE8}") = "Solution Items", "Solution Items", "{775C0943-EDA0-49A7-93AC-3AE61B1EA93F}"
	ProjectSection(SolutionItems) = preProject
		.gitignore = .gitignore
		README.md = README.md
	EndProjectSection
EndProject
Global
	GlobalSection(SolutionConfigurationPlatforms) = preSolution
		Debug|Any CPU = Debug|Any CPU
		Release|Any CPU = Release|Any CPU
	EndGlobalSection
	GlobalSection(ProjectConfigurationPlatforms) = postSolution
		{2199155E-8066-46D4-BA04-2A06C28DE13C}.Debug|Any CPU.ActiveCfg = Debug|Any CPU
		{2199155E-8066-46D4-BA04-2A06C28DE13C}.Debug|Any CPU.Build.0 = Debug|Any CPU
		{2199155E-8066-46D4-BA04-2A06C28DE13C}.Release|Any CPU.ActiveCfg = Release|Any CPU
		{2199155E-8066-46D4-BA04-2A06C28DE13C}.Release|Any CPU.Build.0 = Release|Any CPU
	EndGlobalSection
	GlobalSection(SolutionProperties) = preSolution
		HideSolutionNode = FALSE
	EndGlobalSection
	GlobalSection(ExtensibilityGlobals) = postSolution
		SolutionGuid = {E903CB20-C21B-400B-B542-02FD12DAE475}
	EndGlobalSection
EndGlobal
